// !$*UTF8*$!
{
	archiveVersion = 1;
	classes = {
	};
	objectVersion = 77;
	objects = {

/* Begin PBXContainerItemProxy section */
		3622A4222D1EF80000F2A6EF /* PBXContainerItemProxy */ = {
			isa = PBXContainerItemProxy;
			containerPortal = 3622A4092D1EF7FD00F2A6EF /* Project object */;
			proxyType = 1;
			remoteGlobalIDString = 3622A4102D1EF7FD00F2A6EF;
			remoteInfo = SwiftUICoordinator;
		};
		3622A42C2D1EF80000F2A6EF /* PBXContainerItemProxy */ = {
			isa = PBXContainerItemProxy;
			containerPortal = 3622A4092D1EF7FD00F2A6EF /* Project object */;
			proxyType = 1;
			remoteGlobalIDString = 3622A4102D1EF7FD00F2A6EF;
			remoteInfo = SwiftUICoordinator;
		};
/* End PBXContainerItemProxy section */

/* Begin PBXFileReference section */
		3622A4112D1EF7FD00F2A6EF /* SwiftUICoordinator.app */ = {isa = PBXFileReference; explicitFileType = wrapper.application; includeInIndex = 0; path = SwiftUICoordinator.app; sourceTree = BUILT_PRODUCTS_DIR; };
		3622A4212D1EF80000F2A6EF /* SwiftUICoordinatorTests.xctest */ = {isa = PBXFileReference; explicitFileType = wrapper.cfbundle; includeInIndex = 0; path = SwiftUICoordinatorTests.xctest; sourceTree = BUILT_PRODUCTS_DIR; };
		3622A42B2D1EF80000F2A6EF /* SwiftUICoordinatorUITests.xctest */ = {isa = PBXFileReference; explicitFileType = wrapper.cfbundle; includeInIndex = 0; path = SwiftUICoordinatorUITests.xctest; sourceTree = BUILT_PRODUCTS_DIR; };
/* End PBXFileReference section */

/* Begin PBXFileSystemSynchronizedRootGroup section */
		3622A4132D1EF7FD00F2A6EF /* SwiftUICoordinator */ = {
			isa = PBXFileSystemSynchronizedRootGroup;
			path = SwiftUICoordinator;
			sourceTree = "<group>";
		};
		3622A4242D1EF80000F2A6EF /* SwiftUICoordinatorTests */ = {
			isa = PBXFileSystemSynchronizedRootGroup;
			path = SwiftUICoordinatorTests;
			sourceTree = "<group>";
		};
		3622A42E2D1EF80000F2A6EF /* SwiftUICoordinatorUITests */ = {
			isa = PBXFileSystemSynchronizedRootGroup;
			path = SwiftUICoordinatorUITests;
			sourceTree = "<group>";
		};
/* End PBXFileSystemSynchronizedRootGroup section */

/* Begin PBXFrameworksBuildPhase section */
		3622A40E2D1EF7FD00F2A6EF /* Frameworks */ = {
			isa = PBXFrameworksBuildPhase;
			buildActionMask = 2147483647;
			files = (
			);
			runOnlyForDeploymentPostprocessing = 0;
		};
		3622A41E2D1EF80000F2A6EF /* Frameworks */ = {
			isa = PBXFrameworksBuildPhase;
			buildActionMask = 2147483647;
			files = (
			);
			runOnlyForDeploymentPostprocessing = 0;
		};
		3622A4282D1EF80000F2A6EF /* Frameworks */ = {
			isa = PBXFrameworksBuildPhase;
			buildActionMask = 2147483647;
			files = (
			);
			runOnlyForDeploymentPostprocessing = 0;
		};
/* End PBXFrameworksBuildPhase section */

/* Begin PBXGroup section */
		3622A4082D1EF7FD00F2A6EF = {
			isa = PBXGroup;
			children = (
				3622A4132D1EF7FD00F2A6EF /* SwiftUICoordinator */,
				3622A4242D1EF80000F2A6EF /* SwiftUICoordinatorTests */,
				3622A42E2D1EF80000F2A6EF /* SwiftUICoordinatorUITests */,
				3622A4122D1EF7FD00F2A6EF /* Products */,
			);
			sourceTree = "<group>";
		};
		3622A4122D1EF7FD00F2A6EF /* Products */ = {
			isa = PBXGroup;
			children = (
				3622A4112D1EF7FD00F2A6EF /* SwiftUICoordinator.app */,
				3622A4212D1EF80000F2A6EF /* SwiftUICoordinatorTests.xctest */,
				3622A42B2D1EF80000F2A6EF /* SwiftUICoordinatorUITests.xctest */,
			);
			name = Products;
			sourceTree = "<group>";
		};
/* End PBXGroup section */

/* Begin PBXNativeTarget section */
		3622A4102D1EF7FD00F2A6EF /* SwiftUICoordinator */ = {
			isa = PBXNativeTarget;
			buildConfigurationList = 3622A4352D1EF80000F2A6EF /* Build configuration list for PBXNativeTarget "SwiftUICoordinator" */;
			buildPhases = (
				3622A40D2D1EF7FD00F2A6EF /* Sources */,
				3622A40E2D1EF7FD00F2A6EF /* Frameworks */,
				3622A40F2D1EF7FD00F2A6EF /* Resources */,
			);
			buildRules = (
			);
			dependencies = (
			);
			fileSystemSynchronizedGroups = (
				3622A4132D1EF7FD00F2A6EF /* SwiftUICoordinator */,
			);
			name = SwiftUICoordinator;
			packageProductDependencies = (
			);
			productName = SwiftUICoordinator;
			productReference = 3622A4112D1EF7FD00F2A6EF /* SwiftUICoordinator.app */;
			productType = "com.apple.product-type.application";
		};
		3622A4202D1EF80000F2A6EF /* SwiftUICoordinatorTests */ = {
			isa = PBXNativeTarget;
			buildConfigurationList = 3622A4382D1EF80000F2A6EF /* Build configuration list for PBXNativeTarget "SwiftUICoordinatorTests" */;
			buildPhases = (
				3622A41D2D1EF80000F2A6EF /* Sources */,
				3622A41E2D1EF80000F2A6EF /* Frameworks */,
				3622A41F2D1EF80000F2A6EF /* Resources */,
			);
			buildRules = (
			);
			dependencies = (
				3622A4232D1EF80000F2A6EF /* PBXTargetDependency */,
			);
			fileSystemSynchronizedGroups = (
				3622A4242D1EF80000F2A6EF /* SwiftUICoordinatorTests */,
			);
			name = SwiftUICoordinatorTests;
			packageProductDependencies = (
			);
			productName = SwiftUICoordinatorTests;
			productReference = 3622A4212D1EF80000F2A6EF /* SwiftUICoordinatorTests.xctest */;
			productType = "com.apple.product-type.bundle.unit-test";
		};
		3622A42A2D1EF80000F2A6EF /* SwiftUICoordinatorUITests */ = {
			isa = PBXNativeTarget;
			buildConfigurationList = 3622A43B2D1EF80000F2A6EF /* Build configuration list for PBXNativeTarget "SwiftUICoordinatorUITests" */;
			buildPhases = (
				3622A4272D1EF80000F2A6EF /* Sources */,
				3622A4282D1EF80000F2A6EF /* Frameworks */,
				3622A4292D1EF80000F2A6EF /* Resources */,
			);
			buildRules = (
			);
			dependencies = (
				3622A42D2D1EF80000F2A6EF /* PBXTargetDependency */,
			);
			fileSystemSynchronizedGroups = (
				3622A42E2D1EF80000F2A6EF /* SwiftUICoordinatorUITests */,
			);
			name = SwiftUICoordinatorUITests;
			packageProductDependencies = (
			);
			productName = SwiftUICoordinatorUITests;
			productReference = 3622A42B2D1EF80000F2A6EF /* SwiftUICoordinatorUITests.xctest */;
			productType = "com.apple.product-type.bundle.ui-testing";
		};
/* End PBXNativeTarget section */

/* Begin PBXProject section */
		3622A4092D1EF7FD00F2A6EF /* Project object */ = {
			isa = PBXProject;
			attributes = {
				BuildIndependentTargetsInParallel = 1;
				LastSwiftUpdateCheck = 1600;
				LastUpgradeCheck = 1600;
				TargetAttributes = {
					3622A4102D1EF7FD00F2A6EF = {
						CreatedOnToolsVersion = 16.0;
					};
					3622A4202D1EF80000F2A6EF = {
						CreatedOnToolsVersion = 16.0;
						TestTargetID = 3622A4102D1EF7FD00F2A6EF;
					};
					3622A42A2D1EF80000F2A6EF = {
						CreatedOnToolsVersion = 16.0;
						TestTargetID = 3622A4102D1EF7FD00F2A6EF;
					};
				};
			};
			buildConfigurationList = 3622A40C2D1EF7FD00F2A6EF /* Build configuration list for PBXProject "SwiftUICoordinator" */;
			developmentRegion = en;
			hasScannedForEncodings = 0;
			knownRegions = (
				en,
				Base,
			);
			mainGroup = 3622A4082D1EF7FD00F2A6EF;
			minimizedProjectReferenceProxies = 1;
			preferredProjectObjectVersion = 77;
			productRefGroup = 3622A4122D1EF7FD00F2A6EF /* Products */;
			projectDirPath = "";
			projectRoot = "";
			targets = (
				3622A4102D1EF7FD00F2A6EF /* SwiftUICoordinator */,
				3622A4202D1EF80000F2A6EF /* SwiftUICoordinatorTests */,
				3622A42A2D1EF80000F2A6EF /* SwiftUICoordinatorUITests */,
			);
		};
/* End PBXProject section */

/* Begin PBXResourcesBuildPhase section */
		3622A40F2D1EF7FD00F2A6EF /* Resources */ = {
			isa = PBXResourcesBuildPhase;
			buildActionMask = 2147483647;
			files = (
			);
			runOnlyForDeploymentPostprocessing = 0;
		};
		3622A41F2D1EF80000F2A6EF /* Resources */ = {
			isa = PBXResourcesBuildPhase;
			buildActionMask = 2147483647;
			files = (
			);
			runOnlyForDeploymentPostprocessing = 0;
		};
		3622A4292D1EF80000F2A6EF /* Resources */ = {
			isa = PBXResourcesBuildPhase;
			buildActionMask = 2147483647;
			files = (
			);
			runOnlyForDeploymentPostprocessing = 0;
		};
/* End PBXResourcesBuildPhase section */

/* Begin PBXSourcesBuildPhase section */
		3622A40D2D1EF7FD00F2A6EF /* Sources */ = {
			isa = PBXSourcesBuildPhase;
			buildActionMask = 2147483647;
			files = (
			);
			runOnlyForDeploymentPostprocessing = 0;
		};
		3622A41D2D1EF80000F2A6EF /* Sources */ = {
			isa = PBXSourcesBuildPhase;
			buildActionMask = 2147483647;
			files = (
			);
			runOnlyForDeploymentPostprocessing = 0;
		};
		3622A4272D1EF80000F2A6EF /* Sources */ = {
			isa = PBXSourcesBuildPhase;
			buildActionMask = 2147483647;
			files = (
			);
			runOnlyForDeploymentPostprocessing = 0;
		};
/* End PBXSourcesBuildPhase section */

/* Begin PBXTargetDependency section */
		3622A4232D1EF80000F2A6EF /* PBXTargetDependency */ = {
			isa = PBXTargetDependency;
			target = 3622A4102D1EF7FD00F2A6EF /* SwiftUICoordinator */;
			targetProxy = 3622A4222D1EF80000F2A6EF /* PBXContainerItemProxy */;
		};
		3622A42D2D1EF80000F2A6EF /* PBXTargetDependency */ = {
			isa = PBXTargetDependency;
			target = 3622A4102D1EF7FD00F2A6EF /* SwiftUICoordinator */;
			targetProxy = 3622A42C2D1EF80000F2A6EF /* PBXContainerItemProxy */;
		};
/* End PBXTargetDependency section */

/* Begin XCBuildConfiguration section */
		3622A4332D1EF80000F2A6EF /* Debug */ = {
			isa = XCBuildConfiguration;
			buildSettings = {
				ALWAYS_SEARCH_USER_PATHS = NO;
				ASSETCATALOG_COMPILER_GENERATE_SWIFT_ASSET_SYMBOL_EXTENSIONS = YES;
				CLANG_ANALYZER_NONNULL = YES;
				CLANG_ANALYZER_NUMBER_OBJECT_CONVERSION = YES_AGGRESSIVE;
				CLANG_CXX_LANGUAGE_STANDARD = "gnu++20";
				CLANG_ENABLE_MODULES = YES;
				CLANG_ENABLE_OBJC_ARC = YES;
				CLANG_ENABLE_OBJC_WEAK = YES;
				CLANG_WARN_BLOCK_CAPTURE_AUTORELEASING = YES;
				CLANG_WARN_BOOL_CONVERSION = YES;
				CLANG_WARN_COMMA = YES;
				CLANG_WARN_CONSTANT_CONVERSION = YES;
				CLANG_WARN_DEPRECATED_OBJC_IMPLEMENTATIONS = YES;
				CLANG_WARN_DIRECT_OBJC_ISA_USAGE = YES_ERROR;
				CLANG_WARN_DOCUMENTATION_COMMENTS = YES;
				CLANG_WARN_EMPTY_BODY = YES;
				CLANG_WARN_ENUM_CONVERSION = YES;
				CLANG_WARN_INFINITE_RECURSION = YES;
				CLANG_WARN_INT_CONVERSION = YES;
				CLANG_WARN_NON_LITERAL_NULL_CONVERSION = YES;
				CLANG_WARN_OBJC_IMPLICIT_RETAIN_SELF = YES;
				CLANG_WARN_OBJC_LITERAL_CONVERSION = YES;
				CLANG_WARN_OBJC_ROOT_CLASS = YES_ERROR;
				CLANG_WARN_QUOTED_INCLUDE_IN_FRAMEWORK_HEADER = YES;
				CLANG_WARN_RANGE_LOOP_ANALYSIS = YES;
				CLANG_WARN_STRICT_PROTOTYPES = YES;
				CLANG_WARN_SUSPICIOUS_MOVE = YES;
				CLANG_WARN_UNGUARDED_AVAILABILITY = YES_AGGRESSIVE;
				CLANG_WARN_UNREACHABLE_CODE = YES;
				CLANG_WARN__DUPLICATE_METHOD_MATCH = YES;
				COPY_PHASE_STRIP = NO;
				DEBUG_INFORMATION_FORMAT = dwarf;
				ENABLE_STRICT_OBJC_MSGSEND = YES;
				ENABLE_TESTABILITY = YES;
				ENABLE_USER_SCRIPT_SANDBOXING = YES;
				GCC_C_LANGUAGE_STANDARD = gnu17;
				GCC_DYNAMIC_NO_PIC = NO;
				GCC_NO_COMMON_BLOCKS = YES;
				GCC_OPTIMIZATION_LEVEL = 0;
				GCC_PREPROCESSOR_DEFINITIONS = (
					"DEBUG=1",
					"$(inherited)",
				);
				GCC_WARN_64_TO_32_BIT_CONVERSION = YES;
				GCC_WARN_ABOUT_RETURN_TYPE = YES_ERROR;
				GCC_WARN_UNDECLARED_SELECTOR = YES;
				GCC_WARN_UNINITIALIZED_AUTOS = YES_AGGRESSIVE;
				GCC_WARN_UNUSED_FUNCTION = YES;
				GCC_WARN_UNUSED_VARIABLE = YES;
				IPHONEOS_DEPLOYMENT_TARGET = 18.0;
				LOCALIZATION_PREFERS_STRING_CATALOGS = YES;
				MTL_ENABLE_DEBUG_INFO = INCLUDE_SOURCE;
				MTL_FAST_MATH = YES;
				ONLY_ACTIVE_ARCH = YES;
				SDKROOT = iphoneos;
				SWIFT_ACTIVE_COMPILATION_CONDITIONS = "DEBUG $(inherited)";
				SWIFT_OPTIMIZATION_LEVEL = "-Onone";
			};
			name = Debug;
		};
		3622A4342D1EF80000F2A6EF /* Release */ = {
			isa = XCBuildConfiguration;
			buildSettings = {
				ALWAYS_SEARCH_USER_PATHS = NO;
				ASSETCATALOG_COMPILER_GENERATE_SWIFT_ASSET_SYMBOL_EXTENSIONS = YES;
				CLANG_ANALYZER_NONNULL = YES;
				CLANG_ANALYZER_NUMBER_OBJECT_CONVERSION = YES_AGGRESSIVE;
				CLANG_CXX_LANGUAGE_STANDARD = "gnu++20";
				CLANG_ENABLE_MODULES = YES;
				CLANG_ENABLE_OBJC_ARC = YES;
				CLANG_ENABLE_OBJC_WEAK = YES;
				CLANG_WARN_BLOCK_CAPTURE_AUTORELEASING = YES;
				CLANG_WARN_BOOL_CONVERSION = YES;
				CLANG_WARN_COMMA = YES;
				CLANG_WARN_CONSTANT_CONVERSION = YES;
				CLANG_WARN_DEPRECATED_OBJC_IMPLEMENTATIONS = YES;
				CLANG_WARN_DIRECT_OBJC_ISA_USAGE = YES_ERROR;
				CLANG_WARN_DOCUMENTATION_COMMENTS = YES;
				CLANG_WARN_EMPTY_BODY = YES;
				CLANG_WARN_ENUM_CONVERSION = YES;
				CLANG_WARN_INFINITE_RECURSION = YES;
				CLANG_WARN_INT_CONVERSION = YES;
				CLANG_WARN_NON_LITERAL_NULL_CONVERSION = YES;
				CLANG_WARN_OBJC_IMPLICIT_RETAIN_SELF = YES;
				CLANG_WARN_OBJC_LITERAL_CONVERSION = YES;
				CLANG_WARN_OBJC_ROOT_CLASS = YES_ERROR;
				CLANG_WARN_QUOTED_INCLUDE_IN_FRAMEWORK_HEADER = YES;
				CLANG_WARN_RANGE_LOOP_ANALYSIS = YES;
				CLANG_WARN_STRICT_PROTOTYPES = YES;
				CLANG_WARN_SUSPICIOUS_MOVE = YES;
				CLANG_WARN_UNGUARDED_AVAILABILITY = YES_AGGRESSIVE;
				CLANG_WARN_UNREACHABLE_CODE = YES;
				CLANG_WARN__DUPLICATE_METHOD_MATCH = YES;
				COPY_PHASE_STRIP = NO;
				DEBUG_INFORMATION_FORMAT = "dwarf-with-dsym";
				ENABLE_NS_ASSERTIONS = NO;
				ENABLE_STRICT_OBJC_MSGSEND = YES;
				ENABLE_USER_SCRIPT_SANDBOXING = YES;
				GCC_C_LANGUAGE_STANDARD = gnu17;
				GCC_NO_COMMON_BLOCKS = YES;
				GCC_WARN_64_TO_32_BIT_CONVERSION = YES;
				GCC_WARN_ABOUT_RETURN_TYPE = YES_ERROR;
				GCC_WARN_UNDECLARED_SELECTOR = YES;
				GCC_WARN_UNINITIALIZED_AUTOS = YES_AGGRESSIVE;
				GCC_WARN_UNUSED_FUNCTION = YES;
				GCC_WARN_UNUSED_VARIABLE = YES;
				IPHONEOS_DEPLOYMENT_TARGET = 18.0;
				LOCALIZATION_PREFERS_STRING_CATALOGS = YES;
				MTL_ENABLE_DEBUG_INFO = NO;
				MTL_FAST_MATH = YES;
				SDKROOT = iphoneos;
				SWIFT_COMPILATION_MODE = wholemodule;
				VALIDATE_PRODUCT = YES;
			};
			name = Release;
		};
		3622A4362D1EF80000F2A6EF /* Debug */ = {
			isa = XCBuildConfiguration;
			buildSettings = {
				ASSETCATALOG_COMPILER_APPICON_NAME = AppIcon;
				ASSETCATALOG_COMPILER_GLOBAL_ACCENT_COLOR_NAME = AccentColor;
				CODE_SIGN_STYLE = Automatic;
				CURRENT_PROJECT_VERSION = 1;
				DEVELOPMENT_ASSET_PATHS = "\"SwiftUICoordinator/Preview Content\"";
				ENABLE_PREVIEWS = YES;
				GENERATE_INFOPLIST_FILE = YES;
				INFOPLIST_KEY_UIApplicationSceneManifest_Generation = YES;
				INFOPLIST_KEY_UIApplicationSupportsIndirectInputEvents = YES;
				INFOPLIST_KEY_UILaunchScreen_Generation = YES;
				INFOPLIST_KEY_UISupportedInterfaceOrientations_iPad = "UIInterfaceOrientationPortrait UIInterfaceOrientationPortraitUpsideDown UIInterfaceOrientationLandscapeLeft UIInterfaceOrientationLandscapeRight";
				INFOPLIST_KEY_UISupportedInterfaceOrientations_iPhone = "UIInterfaceOrientationPortrait UIInterfaceOrientationLandscapeLeft UIInterfaceOrientationLandscapeRight";
				LD_RUNPATH_SEARCH_PATHS = (
					"$(inherited)",
					"@executable_path/Frameworks",
				);
				MARKETING_VERSION = 1.0;
				PRODUCT_BUNDLE_IDENTIFIER = com.shivya.SwiftUICoordinator;
				PRODUCT_NAME = "$(TARGET_NAME)";
				SWIFT_EMIT_LOC_STRINGS = YES;
				SWIFT_VERSION = 5.0;
				TARGETED_DEVICE_FAMILY = "1,2";
			};
			name = Debug;
		};
		3622A4372D1EF80000F2A6EF /* Release */ = {
			isa = XCBuildConfiguration;
			buildSettings = {
				ASSETCATALOG_COMPILER_APPICON_NAME = AppIcon;
				ASSETCATALOG_COMPILER_GLOBAL_ACCENT_COLOR_NAME = AccentColor;
				CODE_SIGN_STYLE = Automatic;
				CURRENT_PROJECT_VERSION = 1;
				DEVELOPMENT_ASSET_PATHS = "\"SwiftUICoordinator/Preview Content\"";
				ENABLE_PREVIEWS = YES;
				GENERATE_INFOPLIST_FILE = YES;
				INFOPLIST_KEY_UIApplicationSceneManifest_Generation = YES;
				INFOPLIST_KEY_UIApplicationSupportsIndirectInputEvents = YES;
				INFOPLIST_KEY_UILaunchScreen_Generation = YES;
				INFOPLIST_KEY_UISupportedInterfaceOrientations_iPad = "UIInterfaceOrientationPortrait UIInterfaceOrientationPortraitUpsideDown UIInterfaceOrientationLandscapeLeft UIInterfaceOrientationLandscapeRight";
				INFOPLIST_KEY_UISupportedInterfaceOrientations_iPhone = "UIInterfaceOrientationPortrait UIInterfaceOrientationLandscapeLeft UIInterfaceOrientationLandscapeRight";
				LD_RUNPATH_SEARCH_PATHS = (
					"$(inherited)",
					"@executable_path/Frameworks",
				);
				MARKETING_VERSION = 1.0;
				PRODUCT_BUNDLE_IDENTIFIER = com.shivya.SwiftUICoordinator;
				PRODUCT_NAME = "$(TARGET_NAME)";
				SWIFT_EMIT_LOC_STRINGS = YES;
				SWIFT_VERSION = 5.0;
				TARGETED_DEVICE_FAMILY = "1,2";
			};
			name = Release;
		};
		3622A4392D1EF80000F2A6EF /* Debug */ = {
			isa = XCBuildConfiguration;
			buildSettings = {
				BUNDLE_LOADER = "$(TEST_HOST)";
				CODE_SIGN_STYLE = Automatic;
				CURRENT_PROJECT_VERSION = 1;
				GENERATE_INFOPLIST_FILE = YES;
				IPHONEOS_DEPLOYMENT_TARGET = 18.0;
				MARKETING_VERSION = 1.0;
				PRODUCT_BUNDLE_IDENTIFIER = com.shivya.SwiftUICoordinatorTests;
				PRODUCT_NAME = "$(TARGET_NAME)";
				SWIFT_EMIT_LOC_STRINGS = NO;
				SWIFT_VERSION = 5.0;
				TARGETED_DEVICE_FAMILY = "1,2";
				TEST_HOST = "$(BUILT_PRODUCTS_DIR)/SwiftUICoordinator.app/$(BUNDLE_EXECUTABLE_FOLDER_PATH)/SwiftUICoordinator";
			};
			name = Debug;
		};
		3622A43A2D1EF80000F2A6EF /* Release */ = {
			isa = XCBuildConfiguration;
			buildSettings = {
				BUNDLE_LOADER = "$(TEST_HOST)";
				CODE_SIGN_STYLE = Automatic;
				CURRENT_PROJECT_VERSION = 1;
				GENERATE_INFOPLIST_FILE = YES;
				IPHONEOS_DEPLOYMENT_TARGET = 18.0;
				MARKETING_VERSION = 1.0;
				PRODUCT_BUNDLE_IDENTIFIER = com.shivya.SwiftUICoordinatorTests;
				PRODUCT_NAME = "$(TARGET_NAME)";
				SWIFT_EMIT_LOC_STRINGS = NO;
				SWIFT_VERSION = 5.0;
				TARGETED_DEVICE_FAMILY = "1,2";
				TEST_HOST = "$(BUILT_PRODUCTS_DIR)/SwiftUICoordinator.app/$(BUNDLE_EXECUTABLE_FOLDER_PATH)/SwiftUICoordinator";
			};
			name = Release;
		};
		3622A43C2D1EF80000F2A6EF /* Debug */ = {
			isa = XCBuildConfiguration;
			buildSettings = {
				CODE_SIGN_STYLE = Automatic;
				CURRENT_PROJECT_VERSION = 1;
				GENERATE_INFOPLIST_FILE = YES;
				MARKETING_VERSION = 1.0;
				PRODUCT_BUNDLE_IDENTIFIER = com.shivya.SwiftUICoordinatorUITests;
				PRODUCT_NAME = "$(TARGET_NAME)";
				SWIFT_EMIT_LOC_STRINGS = NO;
				SWIFT_VERSION = 5.0;
				TARGETED_DEVICE_FAMILY = "1,2";
				TEST_TARGET_NAME = SwiftUICoordinator;
			};
			name = Debug;
		};
		3622A43D2D1EF80000F2A6EF /* Release */ = {
			isa = XCBuildConfiguration;
			buildSettings = {
				CODE_SIGN_STYLE = Automatic;
				CURRENT_PROJECT_VERSION = 1;
				GENERATE_INFOPLIST_FILE = YES;
				MARKETING_VERSION = 1.0;
				PRODUCT_BUNDLE_IDENTIFIER = com.shivya.SwiftUICoordinatorUITests;
				PRODUCT_NAME = "$(TARGET_NAME)";
				SWIFT_EMIT_LOC_STRINGS = NO;
				SWIFT_VERSION = 5.0;
				TARGETED_DEVICE_FAMILY = "1,2";
				TEST_TARGET_NAME = SwiftUICoordinator;
			};
			name = Release;
		};
/* End XCBuildConfiguration section */

/* Begin XCConfigurationList section */
		3622A40C2D1EF7FD00F2A6EF /* Build configuration list for PBXProject "SwiftUICoordinator" */ = {
			isa = XCConfigurationList;
			buildConfigurations = (
				3622A4332D1EF80000F2A6EF /* Debug */,
				3622A4342D1EF80000F2A6EF /* Release */,
			);
			defaultConfigurationIsVisible = 0;
			defaultConfigurationName = Release;
		};
		3622A4352D1EF80000F2A6EF /* Build configuration list for PBXNativeTarget "SwiftUICoordinator" */ = {
			isa = XCConfigurationList;
			buildConfigurations = (
				3622A4362D1EF80000F2A6EF /* Debug */,
				3622A4372D1EF80000F2A6EF /* Release */,
			);
			defaultConfigurationIsVisible = 0;
			defaultConfigurationName = Release;
		};
		3622A4382D1EF80000F2A6EF /* Build configuration list for PBXNativeTarget "SwiftUICoordinatorTests" */ = {
			isa = XCConfigurationList;
			buildConfigurations = (
				3622A4392D1EF80000F2A6EF /* Debug */,
				3622A43A2D1EF80000F2A6EF /* Release */,
			);
			defaultConfigurationIsVisible = 0;
			defaultConfigurationName = Release;
		};
		3622A43B2D1EF80000F2A6EF /* Build configuration list for PBXNativeTarget "SwiftUICoordinatorUITests" */ = {
			isa = XCConfigurationList;
			buildConfigurations = (
				3622A43C2D1EF80000F2A6EF /* Debug */,
				3622A43D2D1EF80000F2A6EF /* Release */,
			);
			defaultConfigurationIsVisible = 0;
			defaultConfigurationName = Release;
		};
/* End XCConfigurationList section */
	};
	rootObject = 3622A4092D1EF7FD00F2A6EF /* Project object */;
}
